
Microsoft Visual Studio Solution File, Format Version 12.00
# Visual Studio Version 17
VisualStudioVersion = 17.4.33122.133
MinimumVisualStudioVersion = 10.0.40219.1
Project("{FAE04EC0-301F-11D3-BF4B-00C04F79EFBC}") = "SimpleBST", "SimpleBST\SimpleBST.csproj", "{976D4663-56E0-4A0B-9A7C-C3B75E0A3A06}"
EndProject
Project("{FAE04EC0-301F-11D3-BF4B-00C04F79EFBC}") = "SimpleBST.Tests", "SimpleBST.Tests\SimpleBST.Tests.csproj", "{49D8087B-13AC-4CDC-AEF1-F21C535E2A60}"
EndProject
Global
	GlobalSection(SolutionConfigurationPlatforms) = preSolution
		Debug|Any CPU = Debug|Any CPU
		Release|Any CPU = Release|Any CPU
	EndGlobalSection
	GlobalSection(ProjectConfigurationPlatforms) = postSolution
		{976D4663-56E0-4A0B-9A7C-C3B75E0A3A06}.Debug|Any CPU.ActiveCfg = Debug|Any CPU
		{976D4663-56E0-4A0B-9A7C-C3B75E0A3A06}.Debug|Any CPU.Build.0 = Debug|Any CPU
		{976D4663-56E0-4A0B-9A7C-C3B75E0A3A06}.Release|Any CPU.ActiveCfg = Release|Any CPU
		{976D4663-56E0-4A0B-9A7C-C3B75E0A3A06}.Release|Any CPU.Build.0 = Release|Any CPU
		{49D8087B-13AC-4CDC-AEF1-F21C535E2A60}.Debug|Any CPU.ActiveCfg = Debug|Any CPU
		{49D8087B-13AC-4CDC-AEF1-F21C535E2A60}.Debug|Any CPU.Build.0 = Debug|Any CPU
		{49D8087B-13AC-4CDC-AEF1-F21C535E2A60}.Release|Any CPU.ActiveCfg = Release|Any CPU
		{49D8087B-13AC-4CDC-AEF1-F21C535E2A60}.Release|Any CPU.Build.0 = Release|Any CPU
	EndGlobalSection
	GlobalSection(SolutionProperties) = preSolution
		HideSolutionNode = FALSE
	EndGlobalSection
	GlobalSection(ExtensibilityGlobals) = postSolution
		SolutionGuid = {CBA23254-0AC0-429D-971A-FB37236A31F3}
	EndGlobalSection
EndGlobal
