
Microsoft Visual Studio Solution File, Format Version 12.00
# Visual Studio Version 17
VisualStudioVersion = 17.4.33122.133
MinimumVisualStudioVersion = 10.0.40219.1
Project("{FAE04EC0-301F-11D3-BF4B-00C04F79EFBC}") = "Queue", "Queue\Queue.csproj", "{7A91DE1E-43D6-4F48-A686-CCFFACBDB4E1}"
EndProject
Project("{FAE04EC0-301F-11D3-BF4B-00C04F79EFBC}") = "Queue.Tests", "Queue.Tests\Queue.Tests.csproj", "{2FF810D6-A4B6-436B-8373-57E99D90E33D}"
EndProject
Global
	GlobalSection(SolutionConfigurationPlatforms) = preSolution
		Debug|Any CPU = Debug|Any CPU
		Release|Any CPU = Release|Any CPU
	EndGlobalSection
	GlobalSection(ProjectConfigurationPlatforms) = postSolution
		{7A91DE1E-43D6-4F48-A686-CCFFACBDB4E1}.Debug|Any CPU.ActiveCfg = Debug|Any CPU
		{7A91DE1E-43D6-4F48-A686-CCFFACBDB4E1}.Debug|Any CPU.Build.0 = Debug|Any CPU
		{7A91DE1E-43D6-4F48-A686-CCFFACBDB4E1}.Release|Any CPU.ActiveCfg = Release|Any CPU
		{7A91DE1E-43D6-4F48-A686-CCFFACBDB4E1}.Release|Any CPU.Build.0 = Release|Any CPU
		{2FF810D6-A4B6-436B-8373-57E99D90E33D}.Debug|Any CPU.ActiveCfg = Debug|Any CPU
		{2FF810D6-A4B6-436B-8373-57E99D90E33D}.Debug|Any CPU.Build.0 = Debug|Any CPU
		{2FF810D6-A4B6-436B-8373-57E99D90E33D}.Release|Any CPU.ActiveCfg = Release|Any CPU
		{2FF810D6-A4B6-436B-8373-57E99D90E33D}.Release|Any CPU.Build.0 = Release|Any CPU
	EndGlobalSection
	GlobalSection(SolutionProperties) = preSolution
		HideSolutionNode = FALSE
	EndGlobalSection
	GlobalSection(ExtensibilityGlobals) = postSolution
		SolutionGuid = {394C1947-5709-4937-9BB3-CA63BD06A5F0}
	EndGlobalSection
EndGlobal
