
Microsoft Visual Studio Solution File, Format Version 12.00
# Visual Studio Version 17
VisualStudioVersion = 17.4.33122.133
MinimumVisualStudioVersion = 10.0.40219.1
Project("{FAE04EC0-301F-11D3-BF4B-00C04F79EFBC}") = "UnionFind", "UnionFind\UnionFind.csproj", "{E8E29393-F6F6-4117-A391-632147C98DCB}"
EndProject
Project("{FAE04EC0-301F-11D3-BF4B-00C04F79EFBC}") = "UnionFind.Tests", "UnionFind.Tests\UnionFind.Tests.csproj", "{E29E1795-1D0C-45BD-A322-B21AC9235A63}"
EndProject
Global
	GlobalSection(SolutionConfigurationPlatforms) = preSolution
		Debug|Any CPU = Debug|Any CPU
		Release|Any CPU = Release|Any CPU
	EndGlobalSection
	GlobalSection(ProjectConfigurationPlatforms) = postSolution
		{E8E29393-F6F6-4117-A391-632147C98DCB}.Debug|Any CPU.ActiveCfg = Debug|Any CPU
		{E8E29393-F6F6-4117-A391-632147C98DCB}.Debug|Any CPU.Build.0 = Debug|Any CPU
		{E8E29393-F6F6-4117-A391-632147C98DCB}.Release|Any CPU.ActiveCfg = Release|Any CPU
		{E8E29393-F6F6-4117-A391-632147C98DCB}.Release|Any CPU.Build.0 = Release|Any CPU
		{E29E1795-1D0C-45BD-A322-B21AC9235A63}.Debug|Any CPU.ActiveCfg = Debug|Any CPU
		{E29E1795-1D0C-45BD-A322-B21AC9235A63}.Debug|Any CPU.Build.0 = Debug|Any CPU
		{E29E1795-1D0C-45BD-A322-B21AC9235A63}.Release|Any CPU.ActiveCfg = Release|Any CPU
		{E29E1795-1D0C-45BD-A322-B21AC9235A63}.Release|Any CPU.Build.0 = Release|Any CPU
	EndGlobalSection
	GlobalSection(SolutionProperties) = preSolution
		HideSolutionNode = FALSE
	EndGlobalSection
	GlobalSection(ExtensibilityGlobals) = postSolution
		SolutionGuid = {4F75E83C-D9F2-493A-8C9D-C2064ED62FFA}
	EndGlobalSection
EndGlobal
